
Microsoft Visual Studio Solution File, Format Version 12.00
# Visual Studio 15
VisualStudioVersion = 15.0.27703.2026
MinimumVisualStudioVersion = 10.0.40219.1
Project("{FAE04EC0-301F-11D3-BF4B-00C04F79EFBC}") = "TestMakerFreeWebApp", "TestMakerFreeWebApp\TestMakerFreeWebApp.csproj", "{7234ABBA-4DEB-44D2-BC90-4EC765ED6F07}"
EndProject
Global
	GlobalSection(SolutionConfigurationPlatforms) = preSolution
		Debug|Any CPU = Debug|Any CPU
		Release|Any CPU = Release|Any CPU
	EndGlobalSection
	GlobalSection(ProjectConfigurationPlatforms) = postSolution
		{7234ABBA-4DEB-44D2-BC90-4EC765ED6F07}.Debug|Any CPU.ActiveCfg = Debug|Any CPU
		{7234ABBA-4DEB-44D2-BC90-4EC765ED6F07}.Debug|Any CPU.Build.0 = Debug|Any CPU
		{7234ABBA-4DEB-44D2-BC90-4EC765ED6F07}.Release|Any CPU.ActiveCfg = Release|Any CPU
		{7234ABBA-4DEB-44D2-BC90-4EC765ED6F07}.Release|Any CPU.Build.0 = Release|Any CPU
	EndGlobalSection
	GlobalSection(SolutionProperties) = preSolution
		HideSolutionNode = FALSE
	EndGlobalSection
	GlobalSection(ExtensibilityGlobals) = postSolution
		SolutionGuid = {0CA2EFA6-9679-494F-96C6-35838B6A3055}
	EndGlobalSection
EndGlobal
